
Microsoft Visual Studio Solution File, Format Version 12.00
# Visual Studio 15
VisualStudioVersion = 15.0.28307.168
MinimumVisualStudioVersion = 10.0.40219.1
Project("{FAE04EC0-301F-11D3-BF4B-00C04F79EFBC}") = "Services", "Services\Services.csproj", "{71D5CE3E-B6D0-420B-B92B-8F8D4B628C30}"
EndProject
Project("{FAE04EC0-301F-11D3-BF4B-00C04F79EFBC}") = "Business", "Business\Business.csproj", "{2E47FA96-F9A9-41FD-9B8D-035E85E2B4A1}"
EndProject
Project("{FAE04EC0-301F-11D3-BF4B-00C04F79EFBC}") = "Dao", "Dao\Dao.csproj", "{3CF952EB-08F0-432C-ADF7-05F93A9AC301}"
EndProject
Project("{E24C65DC-7377-472B-9ABA-BC803B73C61A}") = "Website", "Website\", "{7085022F-D249-4FE8-9F63-8E305BC25F8D}"
	ProjectSection(WebsiteProperties) = preProject
		TargetFrameworkMoniker = ".NETFramework,Version%3Dv4.0"
		Debug.AspNetCompiler.VirtualPath = "/localhost_55292"
		Debug.AspNetCompiler.PhysicalPath = "Website\"
		Debug.AspNetCompiler.TargetPath = "PrecompiledWeb\localhost_55292\"
		Debug.AspNetCompiler.Updateable = "true"
		Debug.AspNetCompiler.ForceOverwrite = "true"
		Debug.AspNetCompiler.FixedNames = "false"
		Debug.AspNetCompiler.Debug = "True"
		Release.AspNetCompiler.VirtualPath = "/localhost_55292"
		Release.AspNetCompiler.PhysicalPath = "Website\"
		Release.AspNetCompiler.TargetPath = "PrecompiledWeb\localhost_55292\"
		Release.AspNetCompiler.Updateable = "true"
		Release.AspNetCompiler.ForceOverwrite = "true"
		Release.AspNetCompiler.FixedNames = "false"
		Release.AspNetCompiler.Debug = "False"
		VWDPort = "55292"
		SlnRelativePath = "Website\"
	EndProjectSection
EndProject
Global
	GlobalSection(SolutionConfigurationPlatforms) = preSolution
		Debug|Any CPU = Debug|Any CPU
		Release|Any CPU = Release|Any CPU
	EndGlobalSection
	GlobalSection(ProjectConfigurationPlatforms) = postSolution
		{71D5CE3E-B6D0-420B-B92B-8F8D4B628C30}.Debug|Any CPU.ActiveCfg = Debug|Any CPU
		{71D5CE3E-B6D0-420B-B92B-8F8D4B628C30}.Debug|Any CPU.Build.0 = Debug|Any CPU
		{71D5CE3E-B6D0-420B-B92B-8F8D4B628C30}.Release|Any CPU.ActiveCfg = Release|Any CPU
		{71D5CE3E-B6D0-420B-B92B-8F8D4B628C30}.Release|Any CPU.Build.0 = Release|Any CPU
		{2E47FA96-F9A9-41FD-9B8D-035E85E2B4A1}.Debug|Any CPU.ActiveCfg = Debug|Any CPU
		{2E47FA96-F9A9-41FD-9B8D-035E85E2B4A1}.Debug|Any CPU.Build.0 = Debug|Any CPU
		{2E47FA96-F9A9-41FD-9B8D-035E85E2B4A1}.Release|Any CPU.ActiveCfg = Release|Any CPU
		{2E47FA96-F9A9-41FD-9B8D-035E85E2B4A1}.Release|Any CPU.Build.0 = Release|Any CPU
		{3CF952EB-08F0-432C-ADF7-05F93A9AC301}.Debug|Any CPU.ActiveCfg = Debug|Any CPU
		{3CF952EB-08F0-432C-ADF7-05F93A9AC301}.Debug|Any CPU.Build.0 = Debug|Any CPU
		{3CF952EB-08F0-432C-ADF7-05F93A9AC301}.Release|Any CPU.ActiveCfg = Release|Any CPU
		{3CF952EB-08F0-432C-ADF7-05F93A9AC301}.Release|Any CPU.Build.0 = Release|Any CPU
		{7085022F-D249-4FE8-9F63-8E305BC25F8D}.Debug|Any CPU.ActiveCfg = Debug|Any CPU
		{7085022F-D249-4FE8-9F63-8E305BC25F8D}.Debug|Any CPU.Build.0 = Debug|Any CPU
		{7085022F-D249-4FE8-9F63-8E305BC25F8D}.Release|Any CPU.ActiveCfg = Debug|Any CPU
		{7085022F-D249-4FE8-9F63-8E305BC25F8D}.Release|Any CPU.Build.0 = Debug|Any CPU
	EndGlobalSection
	GlobalSection(SolutionProperties) = preSolution
		HideSolutionNode = FALSE
	EndGlobalSection
	GlobalSection(ExtensibilityGlobals) = postSolution
		SolutionGuid = {247F2203-69D5-4079-AF8A-14E51B52CB99}
	EndGlobalSection
EndGlobal
